
Microsoft Visual Studio Solution File, Format Version 12.00
# Visual Studio Version 17
VisualStudioVersion = 17.9.34616.47
MinimumVisualStudioVersion = 10.0.40219.1
Project("{2150E333-8FDC-42A3-9474-1A3956D46DE8}") = "MVP", "MVP", "{CF5C6742-F675-4717-9F19-09CF10B0B1A3}"
EndProject
Project("{2150E333-8FDC-42A3-9474-1A3956D46DE8}") = "Views", "Views", "{510F6401-4C60-49B4-A184-D96589D8C1CB}"
EndProject
Project("{2150E333-8FDC-42A3-9474-1A3956D46DE8}") = "Abstractions", "Abstractions", "{04EDCF1D-D86F-42FC-85FA-B3E84428D8FB}"
EndProject
Project("{2150E333-8FDC-42A3-9474-1A3956D46DE8}") = "ViewModels", "ViewModels", "{56A1A33F-7D50-4F84-8D6B-3C93B17AFED4}"
EndProject
Project("{2150E333-8FDC-42A3-9474-1A3956D46DE8}") = "Presenters", "Presenters", "{6015A148-A223-4EA9-B522-F5C79B2E4E99}"
EndProject
Project("{9A19103F-16F7-4668-BE54-9A1E7A4F7556}") = "HardwareOnlineStore.MVP.Views.UserIdentification", "HardwareOnlineStore.MVP.Views.UserIdentification\HardwareOnlineStore.MVP.Views.UserIdentification.csproj", "{D7BF3BE7-822B-4D1E-9D9E-525BB6CA0C3D}"
EndProject
Project("{2150E333-8FDC-42A3-9474-1A3956D46DE8}") = "UserIdentification", "UserIdentification", "{5631512B-A348-4293-9B78-959264052DB8}"
EndProject
Project("{9A19103F-16F7-4668-BE54-9A1E7A4F7556}") = "HardwareOnlineStore.MVP.Views.Abstractions.UserIdentification", "HardwareOnlineStore.MVP.Views.Abstractions.UserIdentification\HardwareOnlineStore.MVP.Views.Abstractions.UserIdentification.csproj", "{31B73184-B8A3-4581-9C75-7A1D084EC9D8}"
EndProject
Project("{2150E333-8FDC-42A3-9474-1A3956D46DE8}") = "Shared", "Shared", "{6CFE7559-99F7-4D1D-AADA-D1FC1B28EAC2}"
EndProject
Project("{2150E333-8FDC-42A3-9474-1A3956D46DE8}") = "UserIdentification", "UserIdentification", "{D7312255-57F7-46FC-B427-B4D7147E20EB}"
EndProject
Project("{9A19103F-16F7-4668-BE54-9A1E7A4F7556}") = "HardwareOnlineStore.MVP.Views.Abstractions.Shared", "HardwareOnlineStore.MVP.Views.Abstractions.Shared\HardwareOnlineStore.MVP.Views.Abstractions.Shared.csproj", "{A8648478-BE62-4EF2-9C79-09C6924313AD}"
EndProject
Project("{9A19103F-16F7-4668-BE54-9A1E7A4F7556}") = "HardwareOnlineStore.MVP.ViewModels.UserIdentification", "HardwareOnlineStore.MVP.ViewModels.UserIdentification\HardwareOnlineStore.MVP.ViewModels.UserIdentification.csproj", "{F633AEB7-52B1-47B6-99F4-9327D8CF7C92}"
EndProject
Project("{2150E333-8FDC-42A3-9474-1A3956D46DE8}") = "UserIdentification", "UserIdentification", "{F55F9222-C105-4550-9A27-047C5598230A}"
EndProject
Project("{2150E333-8FDC-42A3-9474-1A3956D46DE8}") = "MainWindow", "MainWindow", "{222788F3-E811-4ED7-9AB4-25D3D5517F3E}"
EndProject
Project("{9A19103F-16F7-4668-BE54-9A1E7A4F7556}") = "HardwareOnlineStore.MVP.Views.Abstractions.MainWindow", "HardwareOnlineStore.MVP.Views.Abstractions.MainWindow\HardwareOnlineStore.MVP.Views.Abstractions.MainWindow.csproj", "{D9254088-A60A-4396-9FE7-1640E871257A}"
EndProject
Project("{2150E333-8FDC-42A3-9474-1A3956D46DE8}") = "MainWindow", "MainWindow", "{DCF26EA8-5B62-4637-A3ED-A75C569BD731}"
EndProject
Project("{9A19103F-16F7-4668-BE54-9A1E7A4F7556}") = "HardwareOnlineStore.MVP.ViewModels.MainWindow", "HardwareOnlineStore.MVP.ViewModels.MainWindow\HardwareOnlineStore.MVP.ViewModels.MainWindow.csproj", "{E88C3517-EA25-44EC-8923-5AA07EC67C3F}"
EndProject
Project("{2150E333-8FDC-42A3-9474-1A3956D46DE8}") = "MainWindow", "MainWindow", "{414DB992-824D-4D4C-BB84-CF6DB3F30056}"
EndProject
Project("{9A19103F-16F7-4668-BE54-9A1E7A4F7556}") = "HardwareOnlineStore.MVP.Views.MainWindow", "HardwareOnlineStore.MVP.Views.MainWindow\HardwareOnlineStore.MVP.Views.MainWindow.csproj", "{109055F7-E557-4E6C-8F50-67A187D5846F}"
EndProject
Project("{2150E333-8FDC-42A3-9474-1A3956D46DE8}") = "UserIdentification", "UserIdentification", "{8E72D56B-9C01-4CBB-903A-EACA593BA68B}"
EndProject
Project("{9A19103F-16F7-4668-BE54-9A1E7A4F7556}") = "HardwareOnlineStore.MVP.Presenters.UserIdentification", "HardwareOnlineStore.MVP.Presenters.UserIdentification\HardwareOnlineStore.MVP.Presenters.UserIdentification.csproj", "{739BEBA7-113B-43C8-8BD4-3012B05E28DF}"
EndProject
Project("{2150E333-8FDC-42A3-9474-1A3956D46DE8}") = "Common", "Common", "{97D3CC10-BE0D-4FCC-84C0-19DA0DFF9DA2}"
EndProject
Project("{9A19103F-16F7-4668-BE54-9A1E7A4F7556}") = "HardwareOnlineStore.MVP.Presenters.Common", "HardwareOnlineStore.MVP.Presenters.Common\HardwareOnlineStore.MVP.Presenters.Common.csproj", "{E405E382-AFB1-476C-9969-4AB12E2C3268}"
EndProject
Project("{2150E333-8FDC-42A3-9474-1A3956D46DE8}") = "Contracts", "Contracts", "{CD71C343-8F36-4B82-8C73-2C9ED3F01769}"
EndProject
Project("{9A19103F-16F7-4668-BE54-9A1E7A4F7556}") = "HardwareOnlineStore.MVP.Presenters.Contracts", "HardwareOnlineStore.MVP.Presenters.Contracts\HardwareOnlineStore.MVP.Presenters.Contracts.csproj", "{C510A6CE-3E78-46A1-A399-BA54065286EB}"
EndProject
Project("{2150E333-8FDC-42A3-9474-1A3956D46DE8}") = "Core", "Core", "{CEAC1F82-BA4A-49EC-8FB6-9026288A16BA}"
EndProject
Project("{9A19103F-16F7-4668-BE54-9A1E7A4F7556}") = "HardwareOnlineStore.Core", "HardwareOnlineStore.Core\HardwareOnlineStore.Core.csproj", "{1DF150B8-F24C-41D7-ABB8-5BEFBE717294}"
EndProject
Project("{2150E333-8FDC-42A3-9474-1A3956D46DE8}") = "Common", "Common", "{F99896D7-0A77-4489-82E0-63208A5EC928}"
EndProject
Project("{9A19103F-16F7-4668-BE54-9A1E7A4F7556}") = "HardwareOnlineStore.Core.Common", "HardwareOnlineStore.Core.Common\HardwareOnlineStore.Core.Common.csproj", "{6C5204A8-A66B-4B14-9B4B-E82F67B7FE0E}"
EndProject
Project("{2150E333-8FDC-42A3-9474-1A3956D46DE8}") = "Initialization", "Initialization", "{24F0299C-2AAA-4127-A5B7-FE87C414813E}"
EndProject
Project("{2150E333-8FDC-42A3-9474-1A3956D46DE8}") = "IoC", "IoC", "{8236FC39-B930-428C-A743-33BD85E35CAF}"
EndProject
Project("{2150E333-8FDC-42A3-9474-1A3956D46DE8}") = "Configuration", "Configuration", "{F2769F98-B6F8-4E7C-9983-0102E14B3DD9}"
EndProject
Project("{2150E333-8FDC-42A3-9474-1A3956D46DE8}") = "Abstractions", "Abstractions", "{C5FFA3F2-F93F-4C29-B652-2851132F3C5A}"
EndProject
Project("{2150E333-8FDC-42A3-9474-1A3956D46DE8}") = "Abstractions", "Abstractions", "{C887DA12-CAD6-4674-A803-F1FB34C4C2C4}"
EndProject
Project("{2150E333-8FDC-42A3-9474-1A3956D46DE8}") = "Autofac", "Autofac", "{97B582D4-2F52-4A22-9C0D-8F4F56C38007}"
EndProject
Project("{2150E333-8FDC-42A3-9474-1A3956D46DE8}") = "Microsoft", "Microsoft", "{9781C89B-DB9E-4115-AEC8-137C4DE9F155}"
EndProject
Project("{9A19103F-16F7-4668-BE54-9A1E7A4F7556}") = "HardwareOnlineStore.Core.Initialization.Configuration.Abstractions", "HardwareOnlineStore.Core.Initialization.Configuration.Abstractions\HardwareOnlineStore.Core.Initialization.Configuration.Abstractions.csproj", "{E777A2C5-C589-4C74-9BC9-24FC7E8C77BB}"
EndProject
Project("{9A19103F-16F7-4668-BE54-9A1E7A4F7556}") = "HardwareOnlineStore.Core.Initialization.IoC.Abstractions", "HardwareOnlineStore.Core.Initialization.IoC.Abstractions\HardwareOnlineStore.Core.Initialization.IoC.Abstractions.csproj", "{CE577EE5-ADD3-4506-8D81-418A044AF162}"
EndProject
Project("{9A19103F-16F7-4668-BE54-9A1E7A4F7556}") = "HardwareOnlineStore.Core.Initialization.IoC.Autofac", "HardwareOnlineStore.Core.Initialization.IoC.Autofac\HardwareOnlineStore.Core.Initialization.IoC.Autofac.csproj", "{DBB6918C-A54D-466E-A464-D3448055711D}"
EndProject
Project("{9A19103F-16F7-4668-BE54-9A1E7A4F7556}") = "HardwareOnlineStore.Core.Initialization.Configuration.Microsoft", "HardwareOnlineStore.Core.Initialization.Configuration.Microsoft\HardwareOnlineStore.Core.Initialization.Configuration.Microsoft.csproj", "{D0E494E4-FD5E-4CF2-8751-7F116F407BCB}"
EndProject
Project("{2150E333-8FDC-42A3-9474-1A3956D46DE8}") = "DataAccess", "DataAccess", "{DEDF77F2-4CD8-430A-A616-2DA8AF46B4FF}"
EndProject
Project("{2150E333-8FDC-42A3-9474-1A3956D46DE8}") = "Services", "Services", "{926136BB-B5C8-4232-B2FC-03AC5621838D}"
EndProject
Project("{2150E333-8FDC-42A3-9474-1A3956D46DE8}") = "Entities", "Entities", "{BE54008A-05DE-4B03-8CD4-75DE28811725}"
EndProject
Project("{9A19103F-16F7-4668-BE54-9A1E7A4F7556}") = "HardwareOnlineStore.Entities", "HardwareOnlineStore.Entities\HardwareOnlineStore.Entities.csproj", "{4738C6A8-6AC9-4588-8A60-F609621E8A3A}"
EndProject
Project("{2150E333-8FDC-42A3-9474-1A3956D46DE8}") = "Providers", "Providers", "{32891CDD-3B32-47F8-A1A6-22BA225149E7}"
EndProject
Project("{2150E333-8FDC-42A3-9474-1A3956D46DE8}") = "Repositories", "Repositories", "{A2E57DA1-C229-458A-B176-FAC95B0F4C1D}"
EndProject
Project("{2150E333-8FDC-42A3-9474-1A3956D46DE8}") = "Relational", "Relational", "{42A26029-0E62-40DC-BAE8-60CAEEF82A30}"
EndProject
Project("{2150E333-8FDC-42A3-9474-1A3956D46DE8}") = "Abstractions", "Abstractions", "{634C9AA1-491B-421A-9713-111864515F07}"
EndProject
Project("{2150E333-8FDC-42A3-9474-1A3956D46DE8}") = "Models", "Models", "{0777DBAE-B942-4407-839D-7BE637859AD1}"
EndProject
Project("{2150E333-8FDC-42A3-9474-1A3956D46DE8}") = "Implementations", "Implementations", "{D4E852DE-DC09-4E33-ADFE-F14F04251B77}"
EndProject
Project("{2150E333-8FDC-42A3-9474-1A3956D46DE8}") = "SqlServer", "SqlServer", "{9335E18B-1F00-4A94-AECD-FDD8484589E9}"
EndProject
Project("{9A19103F-16F7-4668-BE54-9A1E7A4F7556}") = "HardwareOnlineStore.DataAccess.Providers.Relational.Abstractions", "HardwareOnlineStore.DataAccess.Providers.Relational.Abstractions\HardwareOnlineStore.DataAccess.Providers.Relational.Abstractions.csproj", "{84BA2AC0-1EC1-43C1-8C6A-6ADE52DAE869}"
EndProject
Project("{2150E333-8FDC-42A3-9474-1A3956D46DE8}") = "Wrappers", "Wrappers", "{E80C7858-42B2-4816-9159-A030DD0E1ACD}"
EndProject
Project("{2150E333-8FDC-42A3-9474-1A3956D46DE8}") = "ORM", "ORM", "{4F8A8428-65B4-4E71-9ED1-1AA0EB9DF8A8}"
EndProject
Project("{2150E333-8FDC-42A3-9474-1A3956D46DE8}") = "Abstractions", "Abstractions", "{C8882598-3784-43F5-8535-C12D83BC4DA0}"
EndProject
Project("{2150E333-8FDC-42A3-9474-1A3956D46DE8}") = "Implementations", "Implementations", "{E43F1B13-C5E0-4176-A4CE-DEBA0FE04EF3}"
EndProject
Project("{9A19103F-16F7-4668-BE54-9A1E7A4F7556}") = "HardwareOnlineStore.DataAccess.Providers.Relational.Wrappers.ORM.Abstractions", "HardwareOnlineStore.DataAccess.Providers.Relational.Wrappers.ORM.Abstractions\HardwareOnlineStore.DataAccess.Providers.Relational.Wrappers.ORM.Abstractions.csproj", "{2250A7E6-A493-4406-95B7-62C0F71445EB}"
EndProject
Project("{9A19103F-16F7-4668-BE54-9A1E7A4F7556}") = "HardwareOnlineStore.DataAccess.Providers.Relational.Models", "HardwareOnlineStore.DataAccess.Providers.Relational.Models\HardwareOnlineStore.DataAccess.Providers.Relational.Models.csproj", "{2FA269F3-CD23-44F6-9534-356C3175255F}"
EndProject
Project("{9A19103F-16F7-4668-BE54-9A1E7A4F7556}") = "HardwareOnlineStore.DataAccess.Providers.Relational.Wrappers.ORM.Implementations.ADO", "HardwareOnlineStore.DataAccess.Providers.Relational.Wrappers.ORM.Implementations.ADO\HardwareOnlineStore.DataAccess.Providers.Relational.Wrappers.ORM.Implementations.ADO.csproj", "{7C816D2C-F602-43EC-9900-5A05008A6315}"
EndProject
Project("{2150E333-8FDC-42A3-9474-1A3956D46DE8}") = "ADO", "ADO", "{F468F87A-F79A-434D-97A7-AFDEC032D47A}"
EndProject
Project("{9A19103F-16F7-4668-BE54-9A1E7A4F7556}") = "HardwareOnlineStore.DataAccess.Providers.Relational.Implementations.SqlServer", "HardwareOnlineStore.DataAccess.Providers.Relational.Implementations.SqlServer\HardwareOnlineStore.DataAccess.Providers.Relational.Implementations.SqlServer.csproj", "{D0FAD528-1C27-4890-9AAA-C28B42B212C9}"
EndProject
Project("{9A19103F-16F7-4668-BE54-9A1E7A4F7556}") = "HardwareOnlineStore.DataAccess.Repositories.Relational.SqlServer", "HardwareOnlineStore.DataAccess.Repositories.Relational.SqlServer\HardwareOnlineStore.DataAccess.Repositories.Relational.SqlServer.csproj", "{B52784C2-980C-41EB-B69A-7C805AD6A9B9}"
EndProject
Project("{2150E333-8FDC-42A3-9474-1A3956D46DE8}") = "Abstractions", "Abstractions", "{6AD551DA-1005-4659-B5ED-D2987F44B03E}"
EndProject
Project("{9A19103F-16F7-4668-BE54-9A1E7A4F7556}") = "HardwareOnlineStore.DataAccess.Repositories.Relational.Abstractions", "HardwareOnlineStore.DataAccess.Repositories.Relational.Abstractions\HardwareOnlineStore.DataAccess.Repositories.Relational.Abstractions.csproj", "{1D66D810-D6F3-4522-8971-125519E146B1}"
EndProject
Project("{2150E333-8FDC-42A3-9474-1A3956D46DE8}") = "Utilities", "Utilities", "{D93B957E-B44D-461D-ACE3-7AF6484A5E6A}"
EndProject
Project("{2150E333-8FDC-42A3-9474-1A3956D46DE8}") = "Caching", "Caching", "{94AE25C4-5F14-4347-9622-ACAC9B996893}"
EndProject
Project("{2150E333-8FDC-42A3-9474-1A3956D46DE8}") = "Logger", "Logger", "{C6B8C9CF-9863-45F3-B191-87CD79628F3A}"
EndProject
Project("{2150E333-8FDC-42A3-9474-1A3956D46DE8}") = "Templates", "Templates", "{1CFEF514-289B-4F46-84C4-4984F76593F1}"
EndProject
Project("{2150E333-8FDC-42A3-9474-1A3956D46DE8}") = "Abstractions", "Abstractions", "{3A5C912B-4AF2-4BAD-862E-EFC177051B2B}"
EndProject
Project("{2150E333-8FDC-42A3-9474-1A3956D46DE8}") = "File", "File", "{2F92C31C-2BC9-4288-AC1B-14D9B5E101E1}"
EndProject
Project("{2150E333-8FDC-42A3-9474-1A3956D46DE8}") = "Memory", "Memory", "{1383810D-2E14-4DB9-9E04-9D55329EE731}"
EndProject
Project("{2150E333-8FDC-42A3-9474-1A3956D46DE8}") = "Abstractions", "Abstractions", "{DFFB9F6B-EB01-4B57-BF89-EBFD5E0715FB}"
EndProject
Project("{2150E333-8FDC-42A3-9474-1A3956D46DE8}") = "File", "File", "{A41E7E3E-EBC3-474B-9AB2-3F7D89D86E25}"
EndProject
Project("{9A19103F-16F7-4668-BE54-9A1E7A4F7556}") = "HardwareOnlineStore.Services.Utilities.Caching.Abstractions", "HardwareOnlineStore.Services.Utilities.Caching.Abstractions\HardwareOnlineStore.Services.Utilities.Caching.Abstractions.csproj", "{A25128FC-4B3A-4FC7-8FFC-8AE01E9A21D1}"
EndProject
Project("{9A19103F-16F7-4668-BE54-9A1E7A4F7556}") = "HardwareOnlineStore.Services.Utilities.Caching.File", "HardwareOnlineStore.Services.Utilities.Caching.File\HardwareOnlineStore.Services.Utilities.Caching.File.csproj", "{5C56418C-2540-4CDA-9A86-0C964DECF6FE}"
EndProject
Project("{9A19103F-16F7-4668-BE54-9A1E7A4F7556}") = "HardwareOnlineStore.Services.Utilities.Templates", "HardwareOnlineStore.Services.Utilities.Templates\HardwareOnlineStore.Services.Utilities.Templates.csproj", "{AA4B2E0E-2FAA-41F4-A5A7-BADDED000A5A}"
EndProject
Project("{9A19103F-16F7-4668-BE54-9A1E7A4F7556}") = "HardwareOnlineStore.Services.Utilities.Caching.Memory", "HardwareOnlineStore.Services.Utilities.Caching.Memory\HardwareOnlineStore.Services.Utilities.Caching.Memory.csproj", "{9FF32142-69C2-4204-9BA7-BA84CEDCE11F}"
EndProject
Project("{2150E333-8FDC-42A3-9474-1A3956D46DE8}") = "Support", "Support", "{C0E0D252-806D-4F97-838C-6A68BC555F0E}"
EndProject
Project("{2150E333-8FDC-42A3-9474-1A3956D46DE8}") = "Serializer", "Serializer", "{7E72DD53-F6F0-487F-88FC-99B75468E69B}"
EndProject
Project("{9A19103F-16F7-4668-BE54-9A1E7A4F7556}") = "HardwareOnlineStore.Services.Utilities.Caching.Support.Serializer.Abstractions", "HardwareOnlineStore.Services.Utilities.Caching.Support.Serializer.Abstractions\HardwareOnlineStore.Services.Utilities.Caching.Support.Serializer.Abstractions.csproj", "{82515114-431A-4B8A-B54B-9A19BEFBC4CF}"
EndProject
Project("{2150E333-8FDC-42A3-9474-1A3956D46DE8}") = "Abstractions", "Abstractions", "{2A432554-6428-4ED2-BA40-9F66CFBED830}"
EndProject
Project("{2150E333-8FDC-42A3-9474-1A3956D46DE8}") = "Yaml", "Yaml", "{BDD27ED3-14E6-4F09-8AAD-D044952BFAB3}"
EndProject
Project("{9A19103F-16F7-4668-BE54-9A1E7A4F7556}") = "HardwareOnlineStore.Services.Utilities.Caching.Support.Serializer.Yaml", "HardwareOnlineStore.Services.Utilities.Caching.Support.Serializer.Yaml\HardwareOnlineStore.Services.Utilities.Caching.Support.Serializer.Yaml.csproj", "{F15F2EAF-6468-40B5-BB65-145BC0C98996}"
EndProject
Project("{2150E333-8FDC-42A3-9474-1A3956D46DE8}") = "Contracts", "Contracts", "{47992DF6-0C62-421A-BDD0-C4061AABB53F}"
EndProject
Project("{2150E333-8FDC-42A3-9474-1A3956D46DE8}") = "SqlServer", "SqlServer", "{F1E64E7E-ECF6-440C-9676-435B73B9B700}"
EndProject
Project("{2150E333-8FDC-42A3-9474-1A3956D46DE8}") = "SqlServerService", "SqlServerService", "{C85DF669-9444-445B-82DC-83FC77F846BE}"
EndProject
Project("{2150E333-8FDC-42A3-9474-1A3956D46DE8}") = "Entity", "Entity", "{964C437A-1367-49D2-9F0E-C0F5BE3C0E12}"
EndProject
Project("{9A19103F-16F7-4668-BE54-9A1E7A4F7556}") = "HardwareOnlineStore.Services.Entity.Contracts", "HardwareOnlineStore.Services.Entity.Contracts\HardwareOnlineStore.Services.Entity.Contracts.csproj", "{79773487-4D5F-4A03-A56F-9F6D81BB01BB}"
EndProject
Project("{9A19103F-16F7-4668-BE54-9A1E7A4F7556}") = "HardwareOnlineStore.Services.Utilities.Logger.Abstractions", "HardwareOnlineStore.Services.Utilities.Logger.Abstractions\HardwareOnlineStore.Services.Utilities.Logger.Abstractions.csproj", "{4C2EA2E5-0E60-4AC7-BABA-C1F002C52B63}"
EndProject
Project("{9A19103F-16F7-4668-BE54-9A1E7A4F7556}") = "HardwareOnlineStore.Services.Utilities.Logger.File", "HardwareOnlineStore.Services.Utilities.Logger.File\HardwareOnlineStore.Services.Utilities.Logger.File.csproj", "{43F9BE49-C6EB-4E7B-A83D-86855F3C51D8}"
EndProject
Project("{9A19103F-16F7-4668-BE54-9A1E7A4F7556}") = "HardwareOnlineStore.Services.Entity.SqlServerService", "HardwareOnlineStore.Services.Entity.SqlServerService\HardwareOnlineStore.Services.Entity.SqlServerService.csproj", "{3BDB182A-B651-4C0F-899A-A6BC2ED9407D}"
EndProject
Project("{2150E333-8FDC-42A3-9474-1A3956D46DE8}") = "MainWindow", "MainWindow", "{7C9A6E54-E52A-43AB-88A8-33606D4064F5}"
EndProject
Project("{9A19103F-16F7-4668-BE54-9A1E7A4F7556}") = "HardwareOnlineStore.MVP.Presenters.MainWindow", "HardwareOnlineStore.MVP.Presenters.MainWindow\HardwareOnlineStore.MVP.Presenters.MainWindow.csproj", "{525AC4F3-6418-4ADD-9066-0AC19CB3746C}"
EndProject
Project("{2150E333-8FDC-42A3-9474-1A3956D46DE8}") = "Sections", "Sections", "{91ABFBFF-98DA-4FA6-823D-D9E2FF976030}"
EndProject
Project("{9A19103F-16F7-4668-BE54-9A1E7A4F7556}") = "HardwareOnlineStore.MVP.Presenters.MainWindow.Sections.ProductShowcase", "HardwareOnlineStore.MVP.Presenters.MainWindow.Sections.ProductShowcase\HardwareOnlineStore.MVP.Presenters.MainWindow.Sections.ProductShowcase.csproj", "{06509587-4900-4EB1-9A01-CCD41A780CD2}"
EndProject
Project("{9A19103F-16F7-4668-BE54-9A1E7A4F7556}") = "HardwareOnlineStore.MVP.Presenters.MainWindow.Sections.ShoppingCart", "HardwareOnlineStore.MVP.Presenters.MainWindow.Sections.ShoppingCart\HardwareOnlineStore.MVP.Presenters.MainWindow.Sections.ShoppingCart.csproj", "{E4FBD93C-3B88-4BCD-8F75-D62D5F8B0525}"
EndProject
Project("{2150E333-8FDC-42A3-9474-1A3956D46DE8}") = "ShoppingCart", "ShoppingCart", "{FFD84434-A7A2-4872-A1B3-4FD27B3157CF}"
EndProject
Project("{2150E333-8FDC-42A3-9474-1A3956D46DE8}") = "ProductShowcase", "ProductShowcase", "{9EE44489-2376-4181-876D-526C0FAF1F86}"
EndProject
Project("{9A19103F-16F7-4668-BE54-9A1E7A4F7556}") = "HardwareOnlineStore.MVP.Presenters.MainWindow.Sections.UserAccount", "HardwareOnlineStore.MVP.Presenters.MainWindow.Sections.UserAccount\HardwareOnlineStore.MVP.Presenters.MainWindow.Sections.UserAccount.csproj", "{68F25845-1E44-4339-962C-0B172E94EFE1}"
EndProject
Project("{2150E333-8FDC-42A3-9474-1A3956D46DE8}") = "UserAccount", "UserAccount", "{DB999B0C-9362-49BA-9A37-FF9E48E5C552}"
EndProject
Project("{2150E333-8FDC-42A3-9474-1A3956D46DE8}") = "Attributes", "Attributes", "{C47C4E89-575B-4E6A-895F-F31E11827AD0}"
EndProject
Project("{9A19103F-16F7-4668-BE54-9A1E7A4F7556}") = "HardwareOnlineStore.DataAccess.Attributes", "HardwareOnlineStore.DataAccess.Attributes\HardwareOnlineStore.DataAccess.Attributes.csproj", "{8DE64EB2-A902-4926-8282-8AFB88A15437}"
EndProject
Project("{2150E333-8FDC-42A3-9474-1A3956D46DE8}") = "Relational", "Relational", "{47B3E524-1C97-46E7-B4DD-33B5CC4601C3}"
EndProject
Global
	GlobalSection(SolutionConfigurationPlatforms) = preSolution
		Debug|Any CPU = Debug|Any CPU
		Release|Any CPU = Release|Any CPU
	EndGlobalSection
	GlobalSection(ProjectConfigurationPlatforms) = postSolution
		{D7BF3BE7-822B-4D1E-9D9E-525BB6CA0C3D}.Debug|Any CPU.ActiveCfg = Debug|Any CPU
		{D7BF3BE7-822B-4D1E-9D9E-525BB6CA0C3D}.Debug|Any CPU.Build.0 = Debug|Any CPU
		{D7BF3BE7-822B-4D1E-9D9E-525BB6CA0C3D}.Release|Any CPU.ActiveCfg = Release|Any CPU
		{D7BF3BE7-822B-4D1E-9D9E-525BB6CA0C3D}.Release|Any CPU.Build.0 = Release|Any CPU
		{31B73184-B8A3-4581-9C75-7A1D084EC9D8}.Debug|Any CPU.ActiveCfg = Debug|Any CPU
		{31B73184-B8A3-4581-9C75-7A1D084EC9D8}.Debug|Any CPU.Build.0 = Debug|Any CPU
		{31B73184-B8A3-4581-9C75-7A1D084EC9D8}.Release|Any CPU.ActiveCfg = Release|Any CPU
		{31B73184-B8A3-4581-9C75-7A1D084EC9D8}.Release|Any CPU.Build.0 = Release|Any CPU
		{A8648478-BE62-4EF2-9C79-09C6924313AD}.Debug|Any CPU.ActiveCfg = Debug|Any CPU
		{A8648478-BE62-4EF2-9C79-09C6924313AD}.Debug|Any CPU.Build.0 = Debug|Any CPU
		{A8648478-BE62-4EF2-9C79-09C6924313AD}.Release|Any CPU.ActiveCfg = Release|Any CPU
		{A8648478-BE62-4EF2-9C79-09C6924313AD}.Release|Any CPU.Build.0 = Release|Any CPU
		{F633AEB7-52B1-47B6-99F4-9327D8CF7C92}.Debug|Any CPU.ActiveCfg = Debug|Any CPU
		{F633AEB7-52B1-47B6-99F4-9327D8CF7C92}.Debug|Any CPU.Build.0 = Debug|Any CPU
		{F633AEB7-52B1-47B6-99F4-9327D8CF7C92}.Release|Any CPU.ActiveCfg = Release|Any CPU
		{F633AEB7-52B1-47B6-99F4-9327D8CF7C92}.Release|Any CPU.Build.0 = Release|Any CPU
		{D9254088-A60A-4396-9FE7-1640E871257A}.Debug|Any CPU.ActiveCfg = Debug|Any CPU
		{D9254088-A60A-4396-9FE7-1640E871257A}.Debug|Any CPU.Build.0 = Debug|Any CPU
		{D9254088-A60A-4396-9FE7-1640E871257A}.Release|Any CPU.ActiveCfg = Release|Any CPU
		{D9254088-A60A-4396-9FE7-1640E871257A}.Release|Any CPU.Build.0 = Release|Any CPU
		{E88C3517-EA25-44EC-8923-5AA07EC67C3F}.Debug|Any CPU.ActiveCfg = Debug|Any CPU
		{E88C3517-EA25-44EC-8923-5AA07EC67C3F}.Debug|Any CPU.Build.0 = Debug|Any CPU
		{E88C3517-EA25-44EC-8923-5AA07EC67C3F}.Release|Any CPU.ActiveCfg = Release|Any CPU
		{E88C3517-EA25-44EC-8923-5AA07EC67C3F}.Release|Any CPU.Build.0 = Release|Any CPU
		{109055F7-E557-4E6C-8F50-67A187D5846F}.Debug|Any CPU.ActiveCfg = Debug|Any CPU
		{109055F7-E557-4E6C-8F50-67A187D5846F}.Debug|Any CPU.Build.0 = Debug|Any CPU
		{109055F7-E557-4E6C-8F50-67A187D5846F}.Release|Any CPU.ActiveCfg = Release|Any CPU
		{109055F7-E557-4E6C-8F50-67A187D5846F}.Release|Any CPU.Build.0 = Release|Any CPU
		{739BEBA7-113B-43C8-8BD4-3012B05E28DF}.Debug|Any CPU.ActiveCfg = Debug|Any CPU
		{739BEBA7-113B-43C8-8BD4-3012B05E28DF}.Debug|Any CPU.Build.0 = Debug|Any CPU
		{739BEBA7-113B-43C8-8BD4-3012B05E28DF}.Release|Any CPU.ActiveCfg = Release|Any CPU
		{739BEBA7-113B-43C8-8BD4-3012B05E28DF}.Release|Any CPU.Build.0 = Release|Any CPU
		{E405E382-AFB1-476C-9969-4AB12E2C3268}.Debug|Any CPU.ActiveCfg = Debug|Any CPU
		{E405E382-AFB1-476C-9969-4AB12E2C3268}.Debug|Any CPU.Build.0 = Debug|Any CPU
		{E405E382-AFB1-476C-9969-4AB12E2C3268}.Release|Any CPU.ActiveCfg = Release|Any CPU
		{E405E382-AFB1-476C-9969-4AB12E2C3268}.Release|Any CPU.Build.0 = Release|Any CPU
		{C510A6CE-3E78-46A1-A399-BA54065286EB}.Debug|Any CPU.ActiveCfg = Debug|Any CPU
		{C510A6CE-3E78-46A1-A399-BA54065286EB}.Debug|Any CPU.Build.0 = Debug|Any CPU
		{C510A6CE-3E78-46A1-A399-BA54065286EB}.Release|Any CPU.ActiveCfg = Release|Any CPU
		{C510A6CE-3E78-46A1-A399-BA54065286EB}.Release|Any CPU.Build.0 = Release|Any CPU
		{1DF150B8-F24C-41D7-ABB8-5BEFBE717294}.Debug|Any CPU.ActiveCfg = Debug|Any CPU
		{1DF150B8-F24C-41D7-ABB8-5BEFBE717294}.Debug|Any CPU.Build.0 = Debug|Any CPU
		{1DF150B8-F24C-41D7-ABB8-5BEFBE717294}.Release|Any CPU.ActiveCfg = Release|Any CPU
		{1DF150B8-F24C-41D7-ABB8-5BEFBE717294}.Release|Any CPU.Build.0 = Release|Any CPU
		{6C5204A8-A66B-4B14-9B4B-E82F67B7FE0E}.Debug|Any CPU.ActiveCfg = Debug|Any CPU
		{6C5204A8-A66B-4B14-9B4B-E82F67B7FE0E}.Debug|Any CPU.Build.0 = Debug|Any CPU
		{6C5204A8-A66B-4B14-9B4B-E82F67B7FE0E}.Release|Any CPU.ActiveCfg = Release|Any CPU
		{6C5204A8-A66B-4B14-9B4B-E82F67B7FE0E}.Release|Any CPU.Build.0 = Release|Any CPU
		{E777A2C5-C589-4C74-9BC9-24FC7E8C77BB}.Debug|Any CPU.ActiveCfg = Debug|Any CPU
		{E777A2C5-C589-4C74-9BC9-24FC7E8C77BB}.Debug|Any CPU.Build.0 = Debug|Any CPU
		{E777A2C5-C589-4C74-9BC9-24FC7E8C77BB}.Release|Any CPU.ActiveCfg = Release|Any CPU
		{E777A2C5-C589-4C74-9BC9-24FC7E8C77BB}.Release|Any CPU.Build.0 = Release|Any CPU
		{CE577EE5-ADD3-4506-8D81-418A044AF162}.Debug|Any CPU.ActiveCfg = Debug|Any CPU
		{CE577EE5-ADD3-4506-8D81-418A044AF162}.Debug|Any CPU.Build.0 = Debug|Any CPU
		{CE577EE5-ADD3-4506-8D81-418A044AF162}.Release|Any CPU.ActiveCfg = Release|Any CPU
		{CE577EE5-ADD3-4506-8D81-418A044AF162}.Release|Any CPU.Build.0 = Release|Any CPU
		{DBB6918C-A54D-466E-A464-D3448055711D}.Debug|Any CPU.ActiveCfg = Debug|Any CPU
		{DBB6918C-A54D-466E-A464-D3448055711D}.Debug|Any CPU.Build.0 = Debug|Any CPU
		{DBB6918C-A54D-466E-A464-D3448055711D}.Release|Any CPU.ActiveCfg = Release|Any CPU
		{DBB6918C-A54D-466E-A464-D3448055711D}.Release|Any CPU.Build.0 = Release|Any CPU
		{D0E494E4-FD5E-4CF2-8751-7F116F407BCB}.Debug|Any CPU.ActiveCfg = Debug|Any CPU
		{D0E494E4-FD5E-4CF2-8751-7F116F407BCB}.Debug|Any CPU.Build.0 = Debug|Any CPU
		{D0E494E4-FD5E-4CF2-8751-7F116F407BCB}.Release|Any CPU.ActiveCfg = Release|Any CPU
		{D0E494E4-FD5E-4CF2-8751-7F116F407BCB}.Release|Any CPU.Build.0 = Release|Any CPU
		{4738C6A8-6AC9-4588-8A60-F609621E8A3A}.Debug|Any CPU.ActiveCfg = Debug|Any CPU
		{4738C6A8-6AC9-4588-8A60-F609621E8A3A}.Debug|Any CPU.Build.0 = Debug|Any CPU
		{4738C6A8-6AC9-4588-8A60-F609621E8A3A}.Release|Any CPU.ActiveCfg = Release|Any CPU
		{4738C6A8-6AC9-4588-8A60-F609621E8A3A}.Release|Any CPU.Build.0 = Release|Any CPU
		{84BA2AC0-1EC1-43C1-8C6A-6ADE52DAE869}.Debug|Any CPU.ActiveCfg = Debug|Any CPU
		{84BA2AC0-1EC1-43C1-8C6A-6ADE52DAE869}.Debug|Any CPU.Build.0 = Debug|Any CPU
		{84BA2AC0-1EC1-43C1-8C6A-6ADE52DAE869}.Release|Any CPU.ActiveCfg = Release|Any CPU
		{84BA2AC0-1EC1-43C1-8C6A-6ADE52DAE869}.Release|Any CPU.Build.0 = Release|Any CPU
		{2250A7E6-A493-4406-95B7-62C0F71445EB}.Debug|Any CPU.ActiveCfg = Debug|Any CPU
		{2250A7E6-A493-4406-95B7-62C0F71445EB}.Debug|Any CPU.Build.0 = Debug|Any CPU
		{2250A7E6-A493-4406-95B7-62C0F71445EB}.Release|Any CPU.ActiveCfg = Release|Any CPU
		{2250A7E6-A493-4406-95B7-62C0F71445EB}.Release|Any CPU.Build.0 = Release|Any CPU
		{2FA269F3-CD23-44F6-9534-356C3175255F}.Debug|Any CPU.ActiveCfg = Debug|Any CPU
		{2FA269F3-CD23-44F6-9534-356C3175255F}.Debug|Any CPU.Build.0 = Debug|Any CPU
		{2FA269F3-CD23-44F6-9534-356C3175255F}.Release|Any CPU.ActiveCfg = Release|Any CPU
		{2FA269F3-CD23-44F6-9534-356C3175255F}.Release|Any CPU.Build.0 = Release|Any CPU
		{7C816D2C-F602-43EC-9900-5A05008A6315}.Debug|Any CPU.ActiveCfg = Debug|Any CPU
		{7C816D2C-F602-43EC-9900-5A05008A6315}.Debug|Any CPU.Build.0 = Debug|Any CPU
		{7C816D2C-F602-43EC-9900-5A05008A6315}.Release|Any CPU.ActiveCfg = Release|Any CPU
		{7C816D2C-F602-43EC-9900-5A05008A6315}.Release|Any CPU.Build.0 = Release|Any CPU
		{D0FAD528-1C27-4890-9AAA-C28B42B212C9}.Debug|Any CPU.ActiveCfg = Debug|Any CPU
		{D0FAD528-1C27-4890-9AAA-C28B42B212C9}.Debug|Any CPU.Build.0 = Debug|Any CPU
		{D0FAD528-1C27-4890-9AAA-C28B42B212C9}.Release|Any CPU.ActiveCfg = Release|Any CPU
		{D0FAD528-1C27-4890-9AAA-C28B42B212C9}.Release|Any CPU.Build.0 = Release|Any CPU
		{B52784C2-980C-41EB-B69A-7C805AD6A9B9}.Debug|Any CPU.ActiveCfg = Debug|Any CPU
		{B52784C2-980C-41EB-B69A-7C805AD6A9B9}.Debug|Any CPU.Build.0 = Debug|Any CPU
		{B52784C2-980C-41EB-B69A-7C805AD6A9B9}.Release|Any CPU.ActiveCfg = Release|Any CPU
		{B52784C2-980C-41EB-B69A-7C805AD6A9B9}.Release|Any CPU.Build.0 = Release|Any CPU
		{1D66D810-D6F3-4522-8971-125519E146B1}.Debug|Any CPU.ActiveCfg = Debug|Any CPU
		{1D66D810-D6F3-4522-8971-125519E146B1}.Debug|Any CPU.Build.0 = Debug|Any CPU
		{1D66D810-D6F3-4522-8971-125519E146B1}.Release|Any CPU.ActiveCfg = Release|Any CPU
		{1D66D810-D6F3-4522-8971-125519E146B1}.Release|Any CPU.Build.0 = Release|Any CPU
		{A25128FC-4B3A-4FC7-8FFC-8AE01E9A21D1}.Debug|Any CPU.ActiveCfg = Debug|Any CPU
		{A25128FC-4B3A-4FC7-8FFC-8AE01E9A21D1}.Debug|Any CPU.Build.0 = Debug|Any CPU
		{A25128FC-4B3A-4FC7-8FFC-8AE01E9A21D1}.Release|Any CPU.ActiveCfg = Release|Any CPU
		{A25128FC-4B3A-4FC7-8FFC-8AE01E9A21D1}.Release|Any CPU.Build.0 = Release|Any CPU
		{5C56418C-2540-4CDA-9A86-0C964DECF6FE}.Debug|Any CPU.ActiveCfg = Debug|Any CPU
		{5C56418C-2540-4CDA-9A86-0C964DECF6FE}.Debug|Any CPU.Build.0 = Debug|Any CPU
		{5C56418C-2540-4CDA-9A86-0C964DECF6FE}.Release|Any CPU.ActiveCfg = Release|Any CPU
		{5C56418C-2540-4CDA-9A86-0C964DECF6FE}.Release|Any CPU.Build.0 = Release|Any CPU
		{AA4B2E0E-2FAA-41F4-A5A7-BADDED000A5A}.Debug|Any CPU.ActiveCfg = Debug|Any CPU
		{AA4B2E0E-2FAA-41F4-A5A7-BADDED000A5A}.Debug|Any CPU.Build.0 = Debug|Any CPU
		{AA4B2E0E-2FAA-41F4-A5A7-BADDED000A5A}.Release|Any CPU.ActiveCfg = Release|Any CPU
		{AA4B2E0E-2FAA-41F4-A5A7-BADDED000A5A}.Release|Any CPU.Build.0 = Release|Any CPU
		{9FF32142-69C2-4204-9BA7-BA84CEDCE11F}.Debug|Any CPU.ActiveCfg = Debug|Any CPU
		{9FF32142-69C2-4204-9BA7-BA84CEDCE11F}.Debug|Any CPU.Build.0 = Debug|Any CPU
		{9FF32142-69C2-4204-9BA7-BA84CEDCE11F}.Release|Any CPU.ActiveCfg = Release|Any CPU
		{9FF32142-69C2-4204-9BA7-BA84CEDCE11F}.Release|Any CPU.Build.0 = Release|Any CPU
		{82515114-431A-4B8A-B54B-9A19BEFBC4CF}.Debug|Any CPU.ActiveCfg = Debug|Any CPU
		{82515114-431A-4B8A-B54B-9A19BEFBC4CF}.Debug|Any CPU.Build.0 = Debug|Any CPU
		{82515114-431A-4B8A-B54B-9A19BEFBC4CF}.Release|Any CPU.ActiveCfg = Release|Any CPU
		{82515114-431A-4B8A-B54B-9A19BEFBC4CF}.Release|Any CPU.Build.0 = Release|Any CPU
		{F15F2EAF-6468-40B5-BB65-145BC0C98996}.Debug|Any CPU.ActiveCfg = Debug|Any CPU
		{F15F2EAF-6468-40B5-BB65-145BC0C98996}.Debug|Any CPU.Build.0 = Debug|Any CPU
		{F15F2EAF-6468-40B5-BB65-145BC0C98996}.Release|Any CPU.ActiveCfg = Release|Any CPU
		{F15F2EAF-6468-40B5-BB65-145BC0C98996}.Release|Any CPU.Build.0 = Release|Any CPU
		{79773487-4D5F-4A03-A56F-9F6D81BB01BB}.Debug|Any CPU.ActiveCfg = Debug|Any CPU
		{79773487-4D5F-4A03-A56F-9F6D81BB01BB}.Debug|Any CPU.Build.0 = Debug|Any CPU
		{79773487-4D5F-4A03-A56F-9F6D81BB01BB}.Release|Any CPU.ActiveCfg = Release|Any CPU
		{79773487-4D5F-4A03-A56F-9F6D81BB01BB}.Release|Any CPU.Build.0 = Release|Any CPU
		{4C2EA2E5-0E60-4AC7-BABA-C1F002C52B63}.Debug|Any CPU.ActiveCfg = Debug|Any CPU
		{4C2EA2E5-0E60-4AC7-BABA-C1F002C52B63}.Debug|Any CPU.Build.0 = Debug|Any CPU
		{4C2EA2E5-0E60-4AC7-BABA-C1F002C52B63}.Release|Any CPU.ActiveCfg = Release|Any CPU
		{4C2EA2E5-0E60-4AC7-BABA-C1F002C52B63}.Release|Any CPU.Build.0 = Release|Any CPU
		{43F9BE49-C6EB-4E7B-A83D-86855F3C51D8}.Debug|Any CPU.ActiveCfg = Debug|Any CPU
		{43F9BE49-C6EB-4E7B-A83D-86855F3C51D8}.Debug|Any CPU.Build.0 = Debug|Any CPU
		{43F9BE49-C6EB-4E7B-A83D-86855F3C51D8}.Release|Any CPU.ActiveCfg = Release|Any CPU
		{43F9BE49-C6EB-4E7B-A83D-86855F3C51D8}.Release|Any CPU.Build.0 = Release|Any CPU
		{3BDB182A-B651-4C0F-899A-A6BC2ED9407D}.Debug|Any CPU.ActiveCfg = Debug|Any CPU
		{3BDB182A-B651-4C0F-899A-A6BC2ED9407D}.Debug|Any CPU.Build.0 = Debug|Any CPU
		{3BDB182A-B651-4C0F-899A-A6BC2ED9407D}.Release|Any CPU.ActiveCfg = Release|Any CPU
		{3BDB182A-B651-4C0F-899A-A6BC2ED9407D}.Release|Any CPU.Build.0 = Release|Any CPU
		{525AC4F3-6418-4ADD-9066-0AC19CB3746C}.Debug|Any CPU.ActiveCfg = Debug|Any CPU
		{525AC4F3-6418-4ADD-9066-0AC19CB3746C}.Debug|Any CPU.Build.0 = Debug|Any CPU
		{525AC4F3-6418-4ADD-9066-0AC19CB3746C}.Release|Any CPU.ActiveCfg = Release|Any CPU
		{525AC4F3-6418-4ADD-9066-0AC19CB3746C}.Release|Any CPU.Build.0 = Release|Any CPU
		{06509587-4900-4EB1-9A01-CCD41A780CD2}.Debug|Any CPU.ActiveCfg = Debug|Any CPU
		{06509587-4900-4EB1-9A01-CCD41A780CD2}.Debug|Any CPU.Build.0 = Debug|Any CPU
		{06509587-4900-4EB1-9A01-CCD41A780CD2}.Release|Any CPU.ActiveCfg = Release|Any CPU
		{06509587-4900-4EB1-9A01-CCD41A780CD2}.Release|Any CPU.Build.0 = Release|Any CPU
		{E4FBD93C-3B88-4BCD-8F75-D62D5F8B0525}.Debug|Any CPU.ActiveCfg = Debug|Any CPU
		{E4FBD93C-3B88-4BCD-8F75-D62D5F8B0525}.Debug|Any CPU.Build.0 = Debug|Any CPU
		{E4FBD93C-3B88-4BCD-8F75-D62D5F8B0525}.Release|Any CPU.ActiveCfg = Release|Any CPU
		{E4FBD93C-3B88-4BCD-8F75-D62D5F8B0525}.Release|Any CPU.Build.0 = Release|Any CPU
		{68F25845-1E44-4339-962C-0B172E94EFE1}.Debug|Any CPU.ActiveCfg = Debug|Any CPU
		{68F25845-1E44-4339-962C-0B172E94EFE1}.Debug|Any CPU.Build.0 = Debug|Any CPU
		{68F25845-1E44-4339-962C-0B172E94EFE1}.Release|Any CPU.ActiveCfg = Release|Any CPU
		{68F25845-1E44-4339-962C-0B172E94EFE1}.Release|Any CPU.Build.0 = Release|Any CPU
		{8DE64EB2-A902-4926-8282-8AFB88A15437}.Debug|Any CPU.ActiveCfg = Debug|Any CPU
		{8DE64EB2-A902-4926-8282-8AFB88A15437}.Debug|Any CPU.Build.0 = Debug|Any CPU
		{8DE64EB2-A902-4926-8282-8AFB88A15437}.Release|Any CPU.ActiveCfg = Release|Any CPU
		{8DE64EB2-A902-4926-8282-8AFB88A15437}.Release|Any CPU.Build.0 = Release|Any CPU
	EndGlobalSection
	GlobalSection(SolutionProperties) = preSolution
		HideSolutionNode = FALSE
	EndGlobalSection
	GlobalSection(NestedProjects) = preSolution
		{510F6401-4C60-49B4-A184-D96589D8C1CB} = {CF5C6742-F675-4717-9F19-09CF10B0B1A3}
		{04EDCF1D-D86F-42FC-85FA-B3E84428D8FB} = {510F6401-4C60-49B4-A184-D96589D8C1CB}
		{56A1A33F-7D50-4F84-8D6B-3C93B17AFED4} = {CF5C6742-F675-4717-9F19-09CF10B0B1A3}
		{6015A148-A223-4EA9-B522-F5C79B2E4E99} = {CF5C6742-F675-4717-9F19-09CF10B0B1A3}
		{D7BF3BE7-822B-4D1E-9D9E-525BB6CA0C3D} = {5631512B-A348-4293-9B78-959264052DB8}
		{5631512B-A348-4293-9B78-959264052DB8} = {510F6401-4C60-49B4-A184-D96589D8C1CB}
		{31B73184-B8A3-4581-9C75-7A1D084EC9D8} = {D7312255-57F7-46FC-B427-B4D7147E20EB}
		{6CFE7559-99F7-4D1D-AADA-D1FC1B28EAC2} = {04EDCF1D-D86F-42FC-85FA-B3E84428D8FB}
		{D7312255-57F7-46FC-B427-B4D7147E20EB} = {04EDCF1D-D86F-42FC-85FA-B3E84428D8FB}
		{A8648478-BE62-4EF2-9C79-09C6924313AD} = {6CFE7559-99F7-4D1D-AADA-D1FC1B28EAC2}
		{F633AEB7-52B1-47B6-99F4-9327D8CF7C92} = {F55F9222-C105-4550-9A27-047C5598230A}
		{F55F9222-C105-4550-9A27-047C5598230A} = {56A1A33F-7D50-4F84-8D6B-3C93B17AFED4}
		{222788F3-E811-4ED7-9AB4-25D3D5517F3E} = {04EDCF1D-D86F-42FC-85FA-B3E84428D8FB}
		{D9254088-A60A-4396-9FE7-1640E871257A} = {222788F3-E811-4ED7-9AB4-25D3D5517F3E}
		{DCF26EA8-5B62-4637-A3ED-A75C569BD731} = {56A1A33F-7D50-4F84-8D6B-3C93B17AFED4}
		{E88C3517-EA25-44EC-8923-5AA07EC67C3F} = {DCF26EA8-5B62-4637-A3ED-A75C569BD731}
		{414DB992-824D-4D4C-BB84-CF6DB3F30056} = {510F6401-4C60-49B4-A184-D96589D8C1CB}
		{109055F7-E557-4E6C-8F50-67A187D5846F} = {414DB992-824D-4D4C-BB84-CF6DB3F30056}
		{8E72D56B-9C01-4CBB-903A-EACA593BA68B} = {6015A148-A223-4EA9-B522-F5C79B2E4E99}
		{739BEBA7-113B-43C8-8BD4-3012B05E28DF} = {8E72D56B-9C01-4CBB-903A-EACA593BA68B}
		{97D3CC10-BE0D-4FCC-84C0-19DA0DFF9DA2} = {6015A148-A223-4EA9-B522-F5C79B2E4E99}
		{E405E382-AFB1-476C-9969-4AB12E2C3268} = {97D3CC10-BE0D-4FCC-84C0-19DA0DFF9DA2}
		{CD71C343-8F36-4B82-8C73-2C9ED3F01769} = {6015A148-A223-4EA9-B522-F5C79B2E4E99}
		{C510A6CE-3E78-46A1-A399-BA54065286EB} = {CD71C343-8F36-4B82-8C73-2C9ED3F01769}
		{1DF150B8-F24C-41D7-ABB8-5BEFBE717294} = {CEAC1F82-BA4A-49EC-8FB6-9026288A16BA}
		{F99896D7-0A77-4489-82E0-63208A5EC928} = {CEAC1F82-BA4A-49EC-8FB6-9026288A16BA}
		{6C5204A8-A66B-4B14-9B4B-E82F67B7FE0E} = {F99896D7-0A77-4489-82E0-63208A5EC928}
		{24F0299C-2AAA-4127-A5B7-FE87C414813E} = {CEAC1F82-BA4A-49EC-8FB6-9026288A16BA}
		{8236FC39-B930-428C-A743-33BD85E35CAF} = {24F0299C-2AAA-4127-A5B7-FE87C414813E}
		{F2769F98-B6F8-4E7C-9983-0102E14B3DD9} = {24F0299C-2AAA-4127-A5B7-FE87C414813E}
		{C5FFA3F2-F93F-4C29-B652-2851132F3C5A} = {8236FC39-B930-428C-A743-33BD85E35CAF}
		{C887DA12-CAD6-4674-A803-F1FB34C4C2C4} = {F2769F98-B6F8-4E7C-9983-0102E14B3DD9}
		{97B582D4-2F52-4A22-9C0D-8F4F56C38007} = {8236FC39-B930-428C-A743-33BD85E35CAF}
		{9781C89B-DB9E-4115-AEC8-137C4DE9F155} = {F2769F98-B6F8-4E7C-9983-0102E14B3DD9}
		{E777A2C5-C589-4C74-9BC9-24FC7E8C77BB} = {C887DA12-CAD6-4674-A803-F1FB34C4C2C4}
		{CE577EE5-ADD3-4506-8D81-418A044AF162} = {C5FFA3F2-F93F-4C29-B652-2851132F3C5A}
		{DBB6918C-A54D-466E-A464-D3448055711D} = {97B582D4-2F52-4A22-9C0D-8F4F56C38007}
		{D0E494E4-FD5E-4CF2-8751-7F116F407BCB} = {9781C89B-DB9E-4115-AEC8-137C4DE9F155}
		{4738C6A8-6AC9-4588-8A60-F609621E8A3A} = {BE54008A-05DE-4B03-8CD4-75DE28811725}
		{32891CDD-3B32-47F8-A1A6-22BA225149E7} = {DEDF77F2-4CD8-430A-A616-2DA8AF46B4FF}
		{A2E57DA1-C229-458A-B176-FAC95B0F4C1D} = {DEDF77F2-4CD8-430A-A616-2DA8AF46B4FF}
		{42A26029-0E62-40DC-BAE8-60CAEEF82A30} = {32891CDD-3B32-47F8-A1A6-22BA225149E7}
		{634C9AA1-491B-421A-9713-111864515F07} = {42A26029-0E62-40DC-BAE8-60CAEEF82A30}
		{0777DBAE-B942-4407-839D-7BE637859AD1} = {42A26029-0E62-40DC-BAE8-60CAEEF82A30}
		{D4E852DE-DC09-4E33-ADFE-F14F04251B77} = {42A26029-0E62-40DC-BAE8-60CAEEF82A30}
		{9335E18B-1F00-4A94-AECD-FDD8484589E9} = {D4E852DE-DC09-4E33-ADFE-F14F04251B77}
		{84BA2AC0-1EC1-43C1-8C6A-6ADE52DAE869} = {634C9AA1-491B-421A-9713-111864515F07}
		{E80C7858-42B2-4816-9159-A030DD0E1ACD} = {42A26029-0E62-40DC-BAE8-60CAEEF82A30}
		{4F8A8428-65B4-4E71-9ED1-1AA0EB9DF8A8} = {E80C7858-42B2-4816-9159-A030DD0E1ACD}
		{C8882598-3784-43F5-8535-C12D83BC4DA0} = {4F8A8428-65B4-4E71-9ED1-1AA0EB9DF8A8}
		{E43F1B13-C5E0-4176-A4CE-DEBA0FE04EF3} = {4F8A8428-65B4-4E71-9ED1-1AA0EB9DF8A8}
		{2250A7E6-A493-4406-95B7-62C0F71445EB} = {C8882598-3784-43F5-8535-C12D83BC4DA0}
		{2FA269F3-CD23-44F6-9534-356C3175255F} = {0777DBAE-B942-4407-839D-7BE637859AD1}
		{7C816D2C-F602-43EC-9900-5A05008A6315} = {F468F87A-F79A-434D-97A7-AFDEC032D47A}
		{F468F87A-F79A-434D-97A7-AFDEC032D47A} = {E43F1B13-C5E0-4176-A4CE-DEBA0FE04EF3}
		{D0FAD528-1C27-4890-9AAA-C28B42B212C9} = {9335E18B-1F00-4A94-AECD-FDD8484589E9}
		{B52784C2-980C-41EB-B69A-7C805AD6A9B9} = {F1E64E7E-ECF6-440C-9676-435B73B9B700}
		{6AD551DA-1005-4659-B5ED-D2987F44B03E} = {A2E57DA1-C229-458A-B176-FAC95B0F4C1D}
		{1D66D810-D6F3-4522-8971-125519E146B1} = {6AD551DA-1005-4659-B5ED-D2987F44B03E}
		{D93B957E-B44D-461D-ACE3-7AF6484A5E6A} = {926136BB-B5C8-4232-B2FC-03AC5621838D}
		{94AE25C4-5F14-4347-9622-ACAC9B996893} = {D93B957E-B44D-461D-ACE3-7AF6484A5E6A}
		{C6B8C9CF-9863-45F3-B191-87CD79628F3A} = {D93B957E-B44D-461D-ACE3-7AF6484A5E6A}
		{1CFEF514-289B-4F46-84C4-4984F76593F1} = {D93B957E-B44D-461D-ACE3-7AF6484A5E6A}
		{3A5C912B-4AF2-4BAD-862E-EFC177051B2B} = {94AE25C4-5F14-4347-9622-ACAC9B996893}
		{2F92C31C-2BC9-4288-AC1B-14D9B5E101E1} = {94AE25C4-5F14-4347-9622-ACAC9B996893}
		{1383810D-2E14-4DB9-9E04-9D55329EE731} = {94AE25C4-5F14-4347-9622-ACAC9B996893}
		{DFFB9F6B-EB01-4B57-BF89-EBFD5E0715FB} = {C6B8C9CF-9863-45F3-B191-87CD79628F3A}
		{A41E7E3E-EBC3-474B-9AB2-3F7D89D86E25} = {C6B8C9CF-9863-45F3-B191-87CD79628F3A}
		{A25128FC-4B3A-4FC7-8FFC-8AE01E9A21D1} = {3A5C912B-4AF2-4BAD-862E-EFC177051B2B}
		{5C56418C-2540-4CDA-9A86-0C964DECF6FE} = {2F92C31C-2BC9-4288-AC1B-14D9B5E101E1}
		{AA4B2E0E-2FAA-41F4-A5A7-BADDED000A5A} = {1CFEF514-289B-4F46-84C4-4984F76593F1}
		{9FF32142-69C2-4204-9BA7-BA84CEDCE11F} = {1383810D-2E14-4DB9-9E04-9D55329EE731}
		{C0E0D252-806D-4F97-838C-6A68BC555F0E} = {94AE25C4-5F14-4347-9622-ACAC9B996893}
		{7E72DD53-F6F0-487F-88FC-99B75468E69B} = {C0E0D252-806D-4F97-838C-6A68BC555F0E}
		{82515114-431A-4B8A-B54B-9A19BEFBC4CF} = {2A432554-6428-4ED2-BA40-9F66CFBED830}
		{2A432554-6428-4ED2-BA40-9F66CFBED830} = {7E72DD53-F6F0-487F-88FC-99B75468E69B}
		{BDD27ED3-14E6-4F09-8AAD-D044952BFAB3} = {7E72DD53-F6F0-487F-88FC-99B75468E69B}
		{F15F2EAF-6468-40B5-BB65-145BC0C98996} = {BDD27ED3-14E6-4F09-8AAD-D044952BFAB3}
		{47992DF6-0C62-421A-BDD0-C4061AABB53F} = {964C437A-1367-49D2-9F0E-C0F5BE3C0E12}
		{F1E64E7E-ECF6-440C-9676-435B73B9B700} = {47B3E524-1C97-46E7-B4DD-33B5CC4601C3}
		{C85DF669-9444-445B-82DC-83FC77F846BE} = {964C437A-1367-49D2-9F0E-C0F5BE3C0E12}
		{964C437A-1367-49D2-9F0E-C0F5BE3C0E12} = {926136BB-B5C8-4232-B2FC-03AC5621838D}
		{79773487-4D5F-4A03-A56F-9F6D81BB01BB} = {47992DF6-0C62-421A-BDD0-C4061AABB53F}
		{4C2EA2E5-0E60-4AC7-BABA-C1F002C52B63} = {DFFB9F6B-EB01-4B57-BF89-EBFD5E0715FB}
		{43F9BE49-C6EB-4E7B-A83D-86855F3C51D8} = {A41E7E3E-EBC3-474B-9AB2-3F7D89D86E25}
		{3BDB182A-B651-4C0F-899A-A6BC2ED9407D} = {C85DF669-9444-445B-82DC-83FC77F846BE}
		{7C9A6E54-E52A-43AB-88A8-33606D4064F5} = {6015A148-A223-4EA9-B522-F5C79B2E4E99}
		{525AC4F3-6418-4ADD-9066-0AC19CB3746C} = {7C9A6E54-E52A-43AB-88A8-33606D4064F5}
		{91ABFBFF-98DA-4FA6-823D-D9E2FF976030} = {7C9A6E54-E52A-43AB-88A8-33606D4064F5}
		{06509587-4900-4EB1-9A01-CCD41A780CD2} = {9EE44489-2376-4181-876D-526C0FAF1F86}
		{E4FBD93C-3B88-4BCD-8F75-D62D5F8B0525} = {FFD84434-A7A2-4872-A1B3-4FD27B3157CF}
		{FFD84434-A7A2-4872-A1B3-4FD27B3157CF} = {91ABFBFF-98DA-4FA6-823D-D9E2FF976030}
		{9EE44489-2376-4181-876D-526C0FAF1F86} = {91ABFBFF-98DA-4FA6-823D-D9E2FF976030}
		{68F25845-1E44-4339-962C-0B172E94EFE1} = {DB999B0C-9362-49BA-9A37-FF9E48E5C552}
		{DB999B0C-9362-49BA-9A37-FF9E48E5C552} = {91ABFBFF-98DA-4FA6-823D-D9E2FF976030}
		{C47C4E89-575B-4E6A-895F-F31E11827AD0} = {DEDF77F2-4CD8-430A-A616-2DA8AF46B4FF}
		{8DE64EB2-A902-4926-8282-8AFB88A15437} = {C47C4E89-575B-4E6A-895F-F31E11827AD0}
		{47B3E524-1C97-46E7-B4DD-33B5CC4601C3} = {A2E57DA1-C229-458A-B176-FAC95B0F4C1D}
	EndGlobalSection
	GlobalSection(ExtensibilityGlobals) = postSolution
		SolutionGuid = {A5B7AB20-98AA-4A6F-B5EC-8C497C46A51D}
	EndGlobalSection
EndGlobal
